
Microsoft Visual Studio Solution File, Format Version 12.00
# Visual Studio 14
VisualStudioVersion = 14.0.23107.0
MinimumVisualStudioVersion = 10.0.40219.1
Project("{FAE04EC0-301F-11D3-BF4B-00C04F79EFBC}") = "DivideAndConquer", "DivideAndConquer\DivideAndConquer.csproj", "{024E4723-080D-4047-86D9-3FCE79871497}"
EndProject
Global
	GlobalSection(SolutionConfigurationPlatforms) = preSolution
		Debug|Any CPU = Debug|Any CPU
		Release|Any CPU = Release|Any CPU
	EndGlobalSection
	GlobalSection(ProjectConfigurationPlatforms) = postSolution
		{024E4723-080D-4047-86D9-3FCE79871497}.Debug|Any CPU.ActiveCfg = Debug|Any CPU
		{024E4723-080D-4047-86D9-3FCE79871497}.Debug|Any CPU.Build.0 = Debug|Any CPU
		{024E4723-080D-4047-86D9-3FCE79871497}.Release|Any CPU.ActiveCfg = Release|Any CPU
		{024E4723-080D-4047-86D9-3FCE79871497}.Release|Any CPU.Build.0 = Release|Any CPU
	EndGlobalSection
	GlobalSection(SolutionProperties) = preSolution
		HideSolutionNode = FALSE
	EndGlobalSection
EndGlobal
